
Microsoft Visual Studio Solution File, Format Version 12.00
# Visual Studio 15
VisualStudioVersion = 15.0.28307.421
MinimumVisualStudioVersion = 10.0.40219.1
Project("{FAE04EC0-301F-11D3-BF4B-00C04F79EFBC}") = "AppRelacionamentos", "AppRelacionamentos\AppRelacionamentos.csproj", "{37581A27-3461-4B1F-AFF6-79837C2F1EE9}"
EndProject
Global
	GlobalSection(SolutionConfigurationPlatforms) = preSolution
		Debug|Any CPU = Debug|Any CPU
		Release|Any CPU = Release|Any CPU
	EndGlobalSection
	GlobalSection(ProjectConfigurationPlatforms) = postSolution
		{37581A27-3461-4B1F-AFF6-79837C2F1EE9}.Debug|Any CPU.ActiveCfg = Debug|Any CPU
		{37581A27-3461-4B1F-AFF6-79837C2F1EE9}.Debug|Any CPU.Build.0 = Debug|Any CPU
		{37581A27-3461-4B1F-AFF6-79837C2F1EE9}.Release|Any CPU.ActiveCfg = Release|Any CPU
		{37581A27-3461-4B1F-AFF6-79837C2F1EE9}.Release|Any CPU.Build.0 = Release|Any CPU
	EndGlobalSection
	GlobalSection(SolutionProperties) = preSolution
		HideSolutionNode = FALSE
	EndGlobalSection
	GlobalSection(ExtensibilityGlobals) = postSolution
		SolutionGuid = {2C89E551-0C8E-445B-A533-A31BB8FFFD59}
	EndGlobalSection
EndGlobal
